# This file was autogenerated by Stack.
# You should not edit this file by hand.
# For more information, please see the documentation at:
#   https://docs.haskellstack.org/en/stable/lock_files

packages:
- completed:
    hackage: haskore-0.2.0.7@sha256:295ba95200caf6563c2e63a614c18e0c46c924536f42f45525d64e98e921c78c,5851
    pantry-tree:
      size: 7774
      sha256: 90cb12097a1427b649b82849f8092b79a7a02acf9eebd2557ccb6e308250f929
  original:
    hackage: haskore-0.2.0.7
snapshots:
- completed:
    size: 532379
    url: https://raw.githubusercontent.com/commercialhaskell/stackage-snapshots/master/lts/16/8.yaml
    sha256: 2ad3210d2ad35f3176005d68369a18e4d984517bfaa2caade76f28ed0b2e0521
  original: lts-16.8
